
Microsoft Visual Studio Solution File, Format Version 12.00
# Visual Studio Version 17
VisualStudioVersion = 17.3.32901.215
MinimumVisualStudioVersion = 10.0.40219.1
Project("{FAE04EC0-301F-11D3-BF4B-00C04F79EFBC}") = "Data_Base_SQLite_Example", "Data_Base_SQLite_Example.csproj", "{AE7E691F-C7DB-4D8E-AC97-6C268DA3AA7B}"
EndProject
Global
	GlobalSection(SolutionConfigurationPlatforms) = preSolution
		Debug|Any CPU = Debug|Any CPU
		Release|Any CPU = Release|Any CPU
	EndGlobalSection
	GlobalSection(ProjectConfigurationPlatforms) = postSolution
		{AE7E691F-C7DB-4D8E-AC97-6C268DA3AA7B}.Debug|Any CPU.ActiveCfg = Debug|Any CPU
		{AE7E691F-C7DB-4D8E-AC97-6C268DA3AA7B}.Debug|Any CPU.Build.0 = Debug|Any CPU
		{AE7E691F-C7DB-4D8E-AC97-6C268DA3AA7B}.Release|Any CPU.ActiveCfg = Release|Any CPU
		{AE7E691F-C7DB-4D8E-AC97-6C268DA3AA7B}.Release|Any CPU.Build.0 = Release|Any CPU
	EndGlobalSection
	GlobalSection(SolutionProperties) = preSolution
		HideSolutionNode = FALSE
	EndGlobalSection
	GlobalSection(ExtensibilityGlobals) = postSolution
		SolutionGuid = {87E5F80C-8989-4F73-BC7F-964D800C4057}
	EndGlobalSection
EndGlobal
